
Microsoft Visual Studio Solution File, Format Version 12.00
# Visual Studio Version 17
VisualStudioVersion = 17.0.32126.317
MinimumVisualStudioVersion = 10.0.40219.1
Project("{FAE04EC0-301F-11D3-BF4B-00C04F79EFBC}") = "8.3.22", "8.3.22\8.3.22.csproj", "{9792F650-8B50-4B4C-AEAC-16955886FE84}"
EndProject
Global
	GlobalSection(SolutionConfigurationPlatforms) = preSolution
		Debug|Any CPU = Debug|Any CPU
		Release|Any CPU = Release|Any CPU
	EndGlobalSection
	GlobalSection(ProjectConfigurationPlatforms) = postSolution
		{9792F650-8B50-4B4C-AEAC-16955886FE84}.Debug|Any CPU.ActiveCfg = Debug|Any CPU
		{9792F650-8B50-4B4C-AEAC-16955886FE84}.Debug|Any CPU.Build.0 = Debug|Any CPU
		{9792F650-8B50-4B4C-AEAC-16955886FE84}.Release|Any CPU.ActiveCfg = Release|Any CPU
		{9792F650-8B50-4B4C-AEAC-16955886FE84}.Release|Any CPU.Build.0 = Release|Any CPU
	EndGlobalSection
	GlobalSection(SolutionProperties) = preSolution
		HideSolutionNode = FALSE
	EndGlobalSection
	GlobalSection(ExtensibilityGlobals) = postSolution
		SolutionGuid = {B9CA99CB-90D8-4A30-A117-847F0C6743A5}
	EndGlobalSection
EndGlobal
